
Microsoft Visual Studio Solution File, Format Version 12.00
# Visual Studio Version 17
VisualStudioVersion = 17.1.32210.238
MinimumVisualStudioVersion = 10.0.40219.1
Project("{FAE04EC0-301F-11D3-BF4B-00C04F79EFBC}") = "WPF-HelloWorld", "WPF-HelloWorld.csproj", "{9423F0C9-CD6A-4CAE-92C1-EBA4D29B991E}"
EndProject
Global
	GlobalSection(SolutionConfigurationPlatforms) = preSolution
		Debug|Any CPU = Debug|Any CPU
		Release|Any CPU = Release|Any CPU
	EndGlobalSection
	GlobalSection(ProjectConfigurationPlatforms) = postSolution
		{9423F0C9-CD6A-4CAE-92C1-EBA4D29B991E}.Debug|Any CPU.ActiveCfg = Debug|Any CPU
		{9423F0C9-CD6A-4CAE-92C1-EBA4D29B991E}.Debug|Any CPU.Build.0 = Debug|Any CPU
		{9423F0C9-CD6A-4CAE-92C1-EBA4D29B991E}.Release|Any CPU.ActiveCfg = Release|Any CPU
		{9423F0C9-CD6A-4CAE-92C1-EBA4D29B991E}.Release|Any CPU.Build.0 = Release|Any CPU
	EndGlobalSection
	GlobalSection(SolutionProperties) = preSolution
		HideSolutionNode = FALSE
	EndGlobalSection
	GlobalSection(ExtensibilityGlobals) = postSolution
		SolutionGuid = {52645B42-D5AB-4072-B19F-2C664505475B}
	EndGlobalSection
EndGlobal
